
Microsoft Visual Studio Solution File, Format Version 12.00
# Visual Studio Version 16
VisualStudioVersion = 16.0.808.8
MinimumVisualStudioVersion = 10.0.40219.1
Project("{2150E333-8FDC-42A3-9474-1A3956D46DE8}") = "Tools", "Tools", "{B7DFD501-CBC8-4B53-9C00-1D702AEBA14B}"
EndProject
Project("{9A19103F-16F7-4668-BE54-9A1E7A4F7556}") = "ASS.RandomUserGenerator", "ASS\ASS.RandomUserGenerator\ASS.RandomUserGenerator.csproj", "{A203EDE7-E881-4BAA-A286-9260CFBD9BE0}"
EndProject
Project("{9A19103F-16F7-4668-BE54-9A1E7A4F7556}") = "ConsoleRandomUserGenerator", "ASS\ConsoleRandomUserGenerator\ConsoleRandomUserGenerator.csproj", "{18B9453F-DF8F-484A-9EC3-C070F7B89EFB}"
EndProject
Project("{2150E333-8FDC-42A3-9474-1A3956D46DE8}") = "DAL", "DAL", "{D1B6634D-47C2-454D-8700-27299A70A20E}"
EndProject
Project("{9A19103F-16F7-4668-BE54-9A1E7A4F7556}") = "ASS.DAL", "ASS.DAL\ASS.DAL.csproj", "{3F5C6306-2C52-4FB1-BEF2-C88FCEE456EE}"
EndProject
Project("{2150E333-8FDC-42A3-9474-1A3956D46DE8}") = "Common", "Common", "{45CBB369-5D40-4B5B-9BA0-DE175DFFF980}"
EndProject
Project("{9A19103F-16F7-4668-BE54-9A1E7A4F7556}") = "ASS.Common", "ASS.Common\ASS.Common.csproj", "{07E0773E-D664-4B98-9DF4-3E13E078064D}"
EndProject
Project("{2150E333-8FDC-42A3-9474-1A3956D46DE8}") = "BLL", "BLL", "{6791E8C2-0B60-4A14-B356-B72AF83F178A}"
EndProject
Project("{9A19103F-16F7-4668-BE54-9A1E7A4F7556}") = "ASS.BLL", "ASS.BLL\ASS.BLL.csproj", "{E2EB375C-9D75-45F3-8ED1-DE9284008748}"
EndProject
Project("{2150E333-8FDC-42A3-9474-1A3956D46DE8}") = "WEB", "WEB", "{15AA2E62-512B-42E9-AF7A-5CC15D3ACDFB}"
EndProject
Project("{9A19103F-16F7-4668-BE54-9A1E7A4F7556}") = "ASS.WEB", "ASS.WEB\ASS.WEB.csproj", "{77BA80DB-1847-45E3-9346-6124FD17A683}"
EndProject
Project("{2150E333-8FDC-42A3-9474-1A3956D46DE8}") = "Test", "Test", "{959FE702-B76D-434E-9B74-9BEBDC8FFD2D}"
EndProject
Project("{9A19103F-16F7-4668-BE54-9A1E7A4F7556}") = "ASS.Test", "ASS.Test\ASS.Test.csproj", "{3FFDA759-2E31-4EDD-916A-E80870F8B26F}"
EndProject
Global
	GlobalSection(SolutionConfigurationPlatforms) = preSolution
		Debug|Any CPU = Debug|Any CPU
		Release|Any CPU = Release|Any CPU
	EndGlobalSection
	GlobalSection(ProjectConfigurationPlatforms) = postSolution
		{A203EDE7-E881-4BAA-A286-9260CFBD9BE0}.Debug|Any CPU.ActiveCfg = Debug|Any CPU
		{A203EDE7-E881-4BAA-A286-9260CFBD9BE0}.Debug|Any CPU.Build.0 = Debug|Any CPU
		{A203EDE7-E881-4BAA-A286-9260CFBD9BE0}.Release|Any CPU.ActiveCfg = Release|Any CPU
		{A203EDE7-E881-4BAA-A286-9260CFBD9BE0}.Release|Any CPU.Build.0 = Release|Any CPU
		{18B9453F-DF8F-484A-9EC3-C070F7B89EFB}.Debug|Any CPU.ActiveCfg = Debug|Any CPU
		{18B9453F-DF8F-484A-9EC3-C070F7B89EFB}.Debug|Any CPU.Build.0 = Debug|Any CPU
		{18B9453F-DF8F-484A-9EC3-C070F7B89EFB}.Release|Any CPU.ActiveCfg = Release|Any CPU
		{18B9453F-DF8F-484A-9EC3-C070F7B89EFB}.Release|Any CPU.Build.0 = Release|Any CPU
		{3F5C6306-2C52-4FB1-BEF2-C88FCEE456EE}.Debug|Any CPU.ActiveCfg = Debug|Any CPU
		{3F5C6306-2C52-4FB1-BEF2-C88FCEE456EE}.Debug|Any CPU.Build.0 = Debug|Any CPU
		{3F5C6306-2C52-4FB1-BEF2-C88FCEE456EE}.Release|Any CPU.ActiveCfg = Release|Any CPU
		{3F5C6306-2C52-4FB1-BEF2-C88FCEE456EE}.Release|Any CPU.Build.0 = Release|Any CPU
		{07E0773E-D664-4B98-9DF4-3E13E078064D}.Debug|Any CPU.ActiveCfg = Debug|Any CPU
		{07E0773E-D664-4B98-9DF4-3E13E078064D}.Debug|Any CPU.Build.0 = Debug|Any CPU
		{07E0773E-D664-4B98-9DF4-3E13E078064D}.Release|Any CPU.ActiveCfg = Release|Any CPU
		{07E0773E-D664-4B98-9DF4-3E13E078064D}.Release|Any CPU.Build.0 = Release|Any CPU
		{E2EB375C-9D75-45F3-8ED1-DE9284008748}.Debug|Any CPU.ActiveCfg = Debug|Any CPU
		{E2EB375C-9D75-45F3-8ED1-DE9284008748}.Debug|Any CPU.Build.0 = Debug|Any CPU
		{E2EB375C-9D75-45F3-8ED1-DE9284008748}.Release|Any CPU.ActiveCfg = Release|Any CPU
		{E2EB375C-9D75-45F3-8ED1-DE9284008748}.Release|Any CPU.Build.0 = Release|Any CPU
		{77BA80DB-1847-45E3-9346-6124FD17A683}.Debug|Any CPU.ActiveCfg = Debug|Any CPU
		{77BA80DB-1847-45E3-9346-6124FD17A683}.Debug|Any CPU.Build.0 = Debug|Any CPU
		{77BA80DB-1847-45E3-9346-6124FD17A683}.Release|Any CPU.ActiveCfg = Release|Any CPU
		{77BA80DB-1847-45E3-9346-6124FD17A683}.Release|Any CPU.Build.0 = Release|Any CPU
		{3FFDA759-2E31-4EDD-916A-E80870F8B26F}.Debug|Any CPU.ActiveCfg = Debug|Any CPU
		{3FFDA759-2E31-4EDD-916A-E80870F8B26F}.Debug|Any CPU.Build.0 = Debug|Any CPU
		{3FFDA759-2E31-4EDD-916A-E80870F8B26F}.Release|Any CPU.ActiveCfg = Release|Any CPU
		{3FFDA759-2E31-4EDD-916A-E80870F8B26F}.Release|Any CPU.Build.0 = Release|Any CPU
	EndGlobalSection
	GlobalSection(SolutionProperties) = preSolution
		HideSolutionNode = FALSE
	EndGlobalSection
	GlobalSection(NestedProjects) = preSolution
		{A203EDE7-E881-4BAA-A286-9260CFBD9BE0} = {B7DFD501-CBC8-4B53-9C00-1D702AEBA14B}
		{18B9453F-DF8F-484A-9EC3-C070F7B89EFB} = {B7DFD501-CBC8-4B53-9C00-1D702AEBA14B}
		{3F5C6306-2C52-4FB1-BEF2-C88FCEE456EE} = {D1B6634D-47C2-454D-8700-27299A70A20E}
		{07E0773E-D664-4B98-9DF4-3E13E078064D} = {45CBB369-5D40-4B5B-9BA0-DE175DFFF980}
		{E2EB375C-9D75-45F3-8ED1-DE9284008748} = {6791E8C2-0B60-4A14-B356-B72AF83F178A}
		{77BA80DB-1847-45E3-9346-6124FD17A683} = {15AA2E62-512B-42E9-AF7A-5CC15D3ACDFB}
		{3FFDA759-2E31-4EDD-916A-E80870F8B26F} = {959FE702-B76D-434E-9B74-9BEBDC8FFD2D}
	EndGlobalSection
	GlobalSection(ExtensibilityGlobals) = postSolution
		SolutionGuid = {51028DD2-253D-42DD-AE42-4270A321CA80}
	EndGlobalSection
EndGlobal
