
Microsoft Visual Studio Solution File, Format Version 12.00
# Visual Studio Version 16
VisualStudioVersion = 16.0.808.8
MinimumVisualStudioVersion = 10.0.40219.1
Project("{2150E333-8FDC-42A3-9474-1A3956D46DE8}") = "Tools", "Tools", "{B7DFD501-CBC8-4B53-9C00-1D702AEBA14B}"
EndProject
Project("{9A19103F-16F7-4668-BE54-9A1E7A4F7556}") = "ASS.RandomUserGenerator", "ASS\ASS.RandomUserGenerator\ASS.RandomUserGenerator.csproj", "{A203EDE7-E881-4BAA-A286-9260CFBD9BE0}"
EndProject
Project("{9A19103F-16F7-4668-BE54-9A1E7A4F7556}") = "ConsoleRandomUserGenerator", "ASS\ConsoleRandomUserGenerator\ConsoleRandomUserGenerator.csproj", "{18B9453F-DF8F-484A-9EC3-C070F7B89EFB}"
EndProject
Global
	GlobalSection(SolutionConfigurationPlatforms) = preSolution
		Debug|Any CPU = Debug|Any CPU
		Release|Any CPU = Release|Any CPU
	EndGlobalSection
	GlobalSection(ProjectConfigurationPlatforms) = postSolution
		{A203EDE7-E881-4BAA-A286-9260CFBD9BE0}.Debug|Any CPU.ActiveCfg = Debug|Any CPU
		{A203EDE7-E881-4BAA-A286-9260CFBD9BE0}.Debug|Any CPU.Build.0 = Debug|Any CPU
		{A203EDE7-E881-4BAA-A286-9260CFBD9BE0}.Release|Any CPU.ActiveCfg = Release|Any CPU
		{A203EDE7-E881-4BAA-A286-9260CFBD9BE0}.Release|Any CPU.Build.0 = Release|Any CPU
		{18B9453F-DF8F-484A-9EC3-C070F7B89EFB}.Debug|Any CPU.ActiveCfg = Debug|Any CPU
		{18B9453F-DF8F-484A-9EC3-C070F7B89EFB}.Debug|Any CPU.Build.0 = Debug|Any CPU
		{18B9453F-DF8F-484A-9EC3-C070F7B89EFB}.Release|Any CPU.ActiveCfg = Release|Any CPU
		{18B9453F-DF8F-484A-9EC3-C070F7B89EFB}.Release|Any CPU.Build.0 = Release|Any CPU
	EndGlobalSection
	GlobalSection(SolutionProperties) = preSolution
		HideSolutionNode = FALSE
	EndGlobalSection
	GlobalSection(NestedProjects) = preSolution
		{A203EDE7-E881-4BAA-A286-9260CFBD9BE0} = {B7DFD501-CBC8-4B53-9C00-1D702AEBA14B}
		{18B9453F-DF8F-484A-9EC3-C070F7B89EFB} = {B7DFD501-CBC8-4B53-9C00-1D702AEBA14B}
	EndGlobalSection
	GlobalSection(ExtensibilityGlobals) = postSolution
		SolutionGuid = {51028DD2-253D-42DD-AE42-4270A321CA80}
	EndGlobalSection
EndGlobal
